
Microsoft Visual Studio Solution File, Format Version 12.00
# Visual Studio Version 17
VisualStudioVersion = 17.1.32210.238
MinimumVisualStudioVersion = 10.0.40219.1
Project("{9A19103F-16F7-4668-BE54-9A1E7A4F7556}") = "CocktailFinderUi", "CocktailFinderUi\CocktailFinderUi.csproj", "{AE379543-9C75-4052-A274-B06277EAAB49}"
EndProject
Project("{9A19103F-16F7-4668-BE54-9A1E7A4F7556}") = "CocktailFinderBackend", "CocktailFinderBackend\CocktailFinderBackend.csproj", "{0162B6E5-F42D-4F2F-B53B-72406916B00C}"
EndProject
Project("{9A19103F-16F7-4668-BE54-9A1E7A4F7556}") = "CocktailDataAccess", "CocktailFinderDataAccess\CocktailDataAccess.csproj", "{33EB6991-C157-4949-8948-A382D85757A9}"
EndProject
Project("{9A19103F-16F7-4668-BE54-9A1E7A4F7556}") = "CocktailFinderTests", "CocktailFinderTests\CocktailFinderTests.csproj", "{C6C4E81F-4C10-4781-96BB-D73A93222823}"
EndProject
Global
	GlobalSection(SolutionConfigurationPlatforms) = preSolution
		Debug|Any CPU = Debug|Any CPU
		Release|Any CPU = Release|Any CPU
	EndGlobalSection
	GlobalSection(ProjectConfigurationPlatforms) = postSolution
		{AE379543-9C75-4052-A274-B06277EAAB49}.Debug|Any CPU.ActiveCfg = Debug|Any CPU
		{AE379543-9C75-4052-A274-B06277EAAB49}.Debug|Any CPU.Build.0 = Debug|Any CPU
		{AE379543-9C75-4052-A274-B06277EAAB49}.Release|Any CPU.ActiveCfg = Release|Any CPU
		{AE379543-9C75-4052-A274-B06277EAAB49}.Release|Any CPU.Build.0 = Release|Any CPU
		{0162B6E5-F42D-4F2F-B53B-72406916B00C}.Debug|Any CPU.ActiveCfg = Debug|Any CPU
		{0162B6E5-F42D-4F2F-B53B-72406916B00C}.Debug|Any CPU.Build.0 = Debug|Any CPU
		{0162B6E5-F42D-4F2F-B53B-72406916B00C}.Release|Any CPU.ActiveCfg = Release|Any CPU
		{0162B6E5-F42D-4F2F-B53B-72406916B00C}.Release|Any CPU.Build.0 = Release|Any CPU
		{33EB6991-C157-4949-8948-A382D85757A9}.Debug|Any CPU.ActiveCfg = Debug|Any CPU
		{33EB6991-C157-4949-8948-A382D85757A9}.Debug|Any CPU.Build.0 = Debug|Any CPU
		{33EB6991-C157-4949-8948-A382D85757A9}.Release|Any CPU.ActiveCfg = Release|Any CPU
		{33EB6991-C157-4949-8948-A382D85757A9}.Release|Any CPU.Build.0 = Release|Any CPU
		{C6C4E81F-4C10-4781-96BB-D73A93222823}.Debug|Any CPU.ActiveCfg = Debug|Any CPU
		{C6C4E81F-4C10-4781-96BB-D73A93222823}.Debug|Any CPU.Build.0 = Debug|Any CPU
		{C6C4E81F-4C10-4781-96BB-D73A93222823}.Release|Any CPU.ActiveCfg = Release|Any CPU
		{C6C4E81F-4C10-4781-96BB-D73A93222823}.Release|Any CPU.Build.0 = Release|Any CPU
	EndGlobalSection
	GlobalSection(SolutionProperties) = preSolution
		HideSolutionNode = FALSE
	EndGlobalSection
	GlobalSection(ExtensibilityGlobals) = postSolution
		SolutionGuid = {5124440A-69F2-47A5-8541-26BF6FF7DAF4}
	EndGlobalSection
EndGlobal
